<?xml version="1.0" encoding="utf-8"?>
<Project ToolsVersion="4.0" xmlns="http://schemas.microsoft.com/developer/msbuild/2003">
  <ItemGroup>
    <Filter Include="Source Files">
      <UniqueIdentifier>{4FC737F1-C7A5-4376-A066-2A32D752A2FF}</UniqueIdentifier>
      <Extensions>cpp;c;cc;cxx;c++;cppm;ixx;def;odl;idl;hpj;bat;asm;asmx</Extensions>
    </Filter>
    <Filter Include="Header Files">
      <UniqueIdentifier>{93995380-89BD-4b04-88EB-625FBE52EBFB}</UniqueIdentifier>
      <Extensions>h;hh;hpp;hxx;h++;hm;inl;inc;ipp;xsd</Extensions>
    </Filter>
    <Filter Include="Resource Files">
      <UniqueIdentifier>{67DA6AB6-F800-4c08-8B7A-83BB121AAD01}</UniqueIdentifier>
      <Extensions>rc;ico;cur;bmp;dlg;rc2;rct;bin;rgs;gif;jpg;jpeg;jpe;resx;tiff;tif;png;wav;mfcribbon-ms</Extensions>
    </Filter>
    <Filter Include="Header Files\memory">
      <UniqueIdentifier>{1ca1e806-3301-4b66-9915-856b13dcf464}</UniqueIdentifier>
    </Filter>
    <Filter Include="Header Files\cpu">
      <UniqueIdentifier>{fdd481e3-2e93-41dd-b741-37bfed6e7bbf}</UniqueIdentifier>
    </Filter>
    <Filter Include="Resource Files\memory">
      <UniqueIdentifier>{5d1f84cc-eedc-4a83-b451-3de3f79d8da4}</UniqueIdentifier>
    </Filter>
    <Filter Include="Resource Files\cpu">
      <UniqueIdentifier>{c108670c-1620-4afe-9998-5671a8d00fe0}</UniqueIdentifier>
    </Filter>
    <Filter Include="Header Files\gdbstub">
      <UniqueIdentifier>{3981d776-bb53-448d-9542-c3d2518aabde}</UniqueIdentifier>
    </Filter>
    <Filter Include="Resource Files\gdbstub">
      <UniqueIdentifier>{31d019de-7bc4-49ad-9b1c-b79e8f1062f2}</UniqueIdentifier>
    </Filter>
    <Filter Include="Resource Files\bios">
      <UniqueIdentifier>{40c42228-c46c-46ad-8254-52632ad21a94}</UniqueIdentifier>
    </Filter>
    <Filter Include="Header Files\dev">
      <UniqueIdentifier>{7d3dba06-8556-41fd-bbc5-cc570c9b7205}</UniqueIdentifier>
    </Filter>
    <Filter Include="Resource Files\dev">
      <UniqueIdentifier>{c93f05de-14a5-41d5-9d28-0ee9cdef0fbe}</UniqueIdentifier>
    </Filter>
    <Filter Include="Header Files\bios">
      <UniqueIdentifier>{be478d92-b5ac-4d9c-9ef7-6af01f2d3fb1}</UniqueIdentifier>
    </Filter>
    <Filter Include="Header Files\dev\dma">
      <UniqueIdentifier>{a211b201-b23d-4698-90e7-388f2b7f1746}</UniqueIdentifier>
    </Filter>
    <Filter Include="Resource Files\dev\dma">
      <UniqueIdentifier>{fbc09a70-ef7f-44af-9fe6-f3294cb73344}</UniqueIdentifier>
    </Filter>
    <Filter Include="Header Files\dev\gpu">
      <UniqueIdentifier>{94d746da-4212-47bf-ad3b-a13f7e0cc31e}</UniqueIdentifier>
    </Filter>
    <Filter Include="Resource Files\dev\gpu">
      <UniqueIdentifier>{1ad44365-706a-471b-a9bc-b750d46b31bc}</UniqueIdentifier>
    </Filter>
    <Filter Include="Header Files\renderer">
      <UniqueIdentifier>{8471c742-a776-462a-987c-c644b41252ad}</UniqueIdentifier>
    </Filter>
    <Filter Include="Resource Files\renderer">
      <UniqueIdentifier>{d43ff0b4-adfd-4010-a06d-5b3e4fc692a0}</UniqueIdentifier>
    </Filter>
    <Filter Include="shaders">
      <UniqueIdentifier>{5d0aaaf9-a8cd-4e45-a9d8-e6140f54e379}</UniqueIdentifier>
    </Filter>
  </ItemGroup>
  <ItemGroup>
    <ClInclude Include="..\common\Defs.hpp">
      <Filter>Header Files</Filter>
    </ClInclude>
    <ClInclude Include="..\common\Macros.hpp">
      <Filter>Header Files</Filter>
    </ClInclude>
    <ClInclude Include="include\psxemu\MemoryMapper.hpp">
      <Filter>Header Files\memory</Filter>
    </ClInclude>
    <ClInclude Include="include\psxemu\cop0.hpp">
      <Filter>Header Files\cpu</Filter>
    </ClInclude>
    <ClInclude Include="include\psxemu\cpu_instruction.hpp">
      <Filter>Header Files\cpu</Filter>
    </ClInclude>
    <ClInclude Include="..\common\FixedSizeArenaAllocator.hpp">
      <Filter>Header Files</Filter>
    </ClInclude>
    <ClInclude Include="include\psxemu\JitBlock.hpp">
      <Filter>Header Files\cpu</Filter>
    </ClInclude>
    <ClInclude Include="include\psxemu\CodeCache.hpp">
      <Filter>Header Files\cpu</Filter>
    </ClInclude>
    <ClInclude Include="include\psxemu\MIPS1.hpp">
      <Filter>Header Files\cpu</Filter>
    </ClInclude>
    <ClInclude Include="include\psxemu\Recompiler.hpp">
      <Filter>Header Files\cpu</Filter>
    </ClInclude>
    <ClInclude Include="include\psxemu\Server.hpp">
      <Filter>Header Files\gdbstub</Filter>
    </ClInclude>
    <ClInclude Include="include\psxemu\System.hpp">
      <Filter>Header Files</Filter>
    </ClInclude>
    <ClInclude Include="include\psxemu\psxexe.hpp">
      <Filter>Header Files</Filter>
    </ClInclude>
    <ClInclude Include="include\psxemu\SystemBus.hpp">
      <Filter>Header Files</Filter>
    </ClInclude>
    <ClInclude Include="include\psxemu\SystemStatus.hpp">
      <Filter>Header Files</Filter>
    </ClInclude>
    <ClInclude Include="..\common\Errors.hpp">
      <Filter>Header Files</Filter>
    </ClInclude>
    <ClInclude Include="include\psxemu\Interpreter.hpp">
      <Filter>Header Files\cpu</Filter>
    </ClInclude>
    <ClInclude Include="include\psxemu\InstructionHandlers.hpp">
      <Filter>Header Files\cpu</Filter>
    </ClInclude>
    <ClInclude Include="include\psxemu\IOGaps.hpp">
      <Filter>Header Files\memory</Filter>
    </ClInclude>
    <ClInclude Include="include\psxemu\RootCounters.hpp">
      <Filter>Header Files\dev</Filter>
    </ClInclude>
    <ClInclude Include="include\psxemu\SyscallTables.hpp">
      <Filter>Header Files\bios</Filter>
    </ClInclude>
    <ClInclude Include="include\psxemu\Scheduler.hpp">
      <Filter>Header Files</Filter>
    </ClInclude>
    <ClInclude Include="include\psxemu\Interrupts.hpp">
      <Filter>Header Files</Filter>
    </ClInclude>
    <ClInclude Include="include\psxemu\DmaController.hpp">
      <Filter>Header Files\dev\dma</Filter>
    </ClInclude>
    <ClInclude Include="..\common\Queue.hpp">
      <Filter>Header Files</Filter>
    </ClInclude>
    <ClInclude Include="include\psxemu\GPU.hpp">
      <Filter>Header Files\dev\gpu</Filter>
    </ClInclude>
    <ClInclude Include="include\psxemu\GPUCommands.hpp">
      <Filter>Header Files\dev\gpu</Filter>
    </ClInclude>
    <ClInclude Include="include\psxemu\DmaCommon.hpp">
      <Filter>Header Files\dev\dma</Filter>
    </ClInclude>
    <ClInclude Include="include\psxemu\OTDma.hpp">
      <Filter>Header Files\dev\dma</Filter>
    </ClInclude>
    <ClInclude Include="include\psxemu\DmaBase.hpp">
      <Filter>Header Files\dev\dma</Filter>
    </ClInclude>
    <ClInclude Include="include\psxemu\GpuDma.hpp">
      <Filter>Header Files\dev\dma</Filter>
    </ClInclude>
    <ClInclude Include="renderer\SdlWindow.hpp">
      <Filter>Header Files\renderer</Filter>
    </ClInclude>
    <ClInclude Include="renderer\Shader.hpp">
      <Filter>Header Files\renderer</Filter>
    </ClInclude>
    <ClInclude Include="renderer\GlLoad.hpp">
      <Filter>Header Files\renderer</Filter>
    </ClInclude>
    <ClInclude Include="renderer\SdlContext.hpp">
      <Filter>Header Files\renderer</Filter>
    </ClInclude>
    <ClInclude Include="renderer\Vram.hpp">
      <Filter>Header Files\renderer</Filter>
    </ClInclude>
    <ClInclude Include="renderer\GLRenderer.hpp">
      <Filter>Header Files\renderer</Filter>
    </ClInclude>
    <ClInclude Include="renderer\Buffer.hpp">
      <Filter>Header Files\renderer</Filter>
    </ClInclude>
    <ClInclude Include="renderer\VertexBuffer.hpp">
      <Filter>Header Files\renderer</Filter>
    </ClInclude>
    <ClInclude Include="renderer\FrameBuffer.hpp">
      <Filter>Header Files\renderer</Filter>
    </ClInclude>
    <ClInclude Include="renderer\Pipeline.hpp">
      <Filter>Header Files\renderer</Filter>
    </ClInclude>
    <ClInclude Include="renderer\Renderdoc.hpp">
      <Filter>Header Files\renderer</Filter>
    </ClInclude>
    <ClInclude Include="renderer\UniformBuffer.hpp">
      <Filter>Header Files\renderer</Filter>
    </ClInclude>
    <ClInclude Include="renderer\WindowManager.hpp">
      <Filter>Header Files\renderer</Filter>
    </ClInclude>
    <ClInclude Include="include\psxemu\KernelStructures.hpp">
      <Filter>Header Files\bios</Filter>
    </ClInclude>
    <ClInclude Include="include\psxemu\KernelEvents.hpp">
      <Filter>Header Files\bios</Filter>
    </ClInclude>
    <ClInclude Include="include\psxemu\KernelExceptions.hpp">
      <Filter>Header Files\bios</Filter>
    </ClInclude>
    <ClInclude Include="include\psxemu\KernelThreads.hpp">
      <Filter>Header Files\bios</Filter>
    </ClInclude>
    <ClInclude Include="include\psxemu\KernelFiles.hpp">
      <Filter>Header Files\bios</Filter>
    </ClInclude>
    <ClInclude Include="include\psxemu\KernelDevices.hpp">
      <Filter>Header Files\bios</Filter>
    </ClInclude>
    <ClInclude Include="include\psxemu\Kernel.hpp">
      <Filter>Header Files\bios</Filter>
    </ClInclude>
  </ItemGroup>
  <ItemGroup>
    <ClCompile Include="source\psxemu\MemoryMapper.cpp">
      <Filter>Resource Files\memory</Filter>
    </ClCompile>
    <ClCompile Include="source\psxemu\cop0.cpp">
      <Filter>Resource Files\cpu</Filter>
    </ClCompile>
    <ClCompile Include="source\psxemu\CodeCache.cpp">
      <Filter>Resource Files\cpu</Filter>
    </ClCompile>
    <ClCompile Include="source\psxemu\Server.cpp">
      <Filter>Resource Files\gdbstub</Filter>
    </ClCompile>
    <ClCompile Include="source\psxemu\psxexe.cpp">
      <Filter>Resource Files</Filter>
    </ClCompile>
    <ClCompile Include="source\psxemu\SystemBus.cpp">
      <Filter>Resource Files</Filter>
    </ClCompile>
    <ClCompile Include="source\psxemu\System.cpp">
      <Filter>Resource Files</Filter>
    </ClCompile>
    <ClCompile Include="..\common\Errors.cpp">
      <Filter>Resource Files</Filter>
    </ClCompile>
    <ClCompile Include="source\psxemu\Interpreter.cpp">
      <Filter>Resource Files\cpu</Filter>
    </ClCompile>
    <ClCompile Include="source\MIPS1.cpp">
      <Filter>Resource Files\cpu</Filter>
    </ClCompile>
    <ClCompile Include="source\psxemu\MemoryControl.cpp">
      <Filter>Resource Files\memory</Filter>
    </ClCompile>
    <ClCompile Include="source\psxemu\HLE_Bios.cpp">
      <Filter>Resource Files\bios</Filter>
    </ClCompile>
    <ClCompile Include="source\psxemu\RootCounters.cpp">
      <Filter>Resource Files\dev</Filter>
    </ClCompile>
    <ClCompile Include="source\psxemu\Syscalls.cpp">
      <Filter>Resource Files\bios</Filter>
    </ClCompile>
    <ClCompile Include="source\psxemu\Scheduler.cpp">
      <Filter>Resource Files</Filter>
    </ClCompile>
    <ClCompile Include="source\psxemu\DmaController.cpp">
      <Filter>Resource Files\dev\dma</Filter>
    </ClCompile>
    <ClCompile Include="source\psxemu\GPU.cpp">
      <Filter>Resource Files\dev\gpu</Filter>
    </ClCompile>
    <ClCompile Include="source\psxemu\GP1Commands.cpp">
      <Filter>Resource Files\dev\gpu</Filter>
    </ClCompile>
    <ClCompile Include="source\psxemu\GP0Commands.cpp">
      <Filter>Resource Files\dev\gpu</Filter>
    </ClCompile>
    <ClCompile Include="source\psxemu\OTDma.cpp">
      <Filter>Resource Files\dev\dma</Filter>
    </ClCompile>
    <ClCompile Include="source\psxemu\DmaBase.cpp">
      <Filter>Resource Files\dev\dma</Filter>
    </ClCompile>
    <ClCompile Include="source\psxemu\GpuDma.cpp">
      <Filter>Resource Files\dev\dma</Filter>
    </ClCompile>
    <ClCompile Include="source\psxemu\DrawCalls.cpp">
      <Filter>Resource Files\dev\gpu</Filter>
    </ClCompile>
    <ClCompile Include="renderer\GlLoad.cpp">
      <Filter>Resource Files\renderer</Filter>
    </ClCompile>
    <ClCompile Include="renderer\Shader.cpp">
      <Filter>Resource Files\renderer</Filter>
    </ClCompile>
    <ClCompile Include="renderer\SdlWindow.cpp">
      <Filter>Resource Files\renderer</Filter>
    </ClCompile>
    <ClCompile Include="renderer\SdlContext.cpp">
      <Filter>Resource Files\renderer</Filter>
    </ClCompile>
    <ClCompile Include="renderer\Vram.cpp">
      <Filter>Resource Files\renderer</Filter>
    </ClCompile>
    <ClCompile Include="renderer\GLRenderer.cpp">
      <Filter>Resource Files\renderer</Filter>
    </ClCompile>
    <ClCompile Include="renderer\Buffer.cpp">
      <Filter>Resource Files\renderer</Filter>
    </ClCompile>
    <ClCompile Include="renderer\VertexBuffer.cpp">
      <Filter>Resource Files\renderer</Filter>
    </ClCompile>
    <ClCompile Include="renderer\FrameBuffer.cpp">
      <Filter>Resource Files\renderer</Filter>
    </ClCompile>
    <ClCompile Include="renderer\Pipeline.cpp">
      <Filter>Resource Files\renderer</Filter>
    </ClCompile>
    <ClCompile Include="renderer\Renderdoc.cpp">
      <Filter>Resource Files\renderer</Filter>
    </ClCompile>
    <ClCompile Include="renderer\UniformBuffer.cpp">
      <Filter>Resource Files\renderer</Filter>
    </ClCompile>
    <ClCompile Include="renderer\WindowManager.cpp">
      <Filter>Resource Files\renderer</Filter>
    </ClCompile>
    <ClCompile Include="source\psxemu\Kernel.cpp">
      <Filter>Resource Files\bios</Filter>
    </ClCompile>
    <ClCompile Include="source\psxemu\KernelStrings.cpp">
      <Filter>Resource Files\bios</Filter>
    </ClCompile>
    <ClCompile Include="source\psxemu\KernelStructures.cpp">
      <Filter>Resource Files\bios</Filter>
    </ClCompile>
    <ClCompile Include="source\psxemu\ServerExtensionPackets.cpp">
      <Filter>Resource Files\gdbstub</Filter>
    </ClCompile>
  </ItemGroup>
  <ItemGroup>
    <None Include="..\shaders\vram_view_blit.fragment">
      <Filter>shaders</Filter>
    </None>
    <None Include="..\shaders\vram_view_blit.vertex">
      <Filter>shaders</Filter>
    </None>
    <None Include="..\shaders\flat_untextured_opaque_triangle.fragment">
      <Filter>shaders</Filter>
    </None>
    <None Include="..\shaders\flat_untextured_opaque_triangle.vertex">
      <Filter>shaders</Filter>
    </None>
    <None Include="..\shaders\basic_gouraud.fragment">
      <Filter>shaders</Filter>
    </None>
    <None Include="..\shaders\basic_gouraud.vertex">
      <Filter>shaders</Filter>
    </None>
    <None Include="..\shaders\vram_blit.fragment">
      <Filter>shaders</Filter>
    </None>
    <None Include="..\shaders\vram_blit.vertex">
      <Filter>shaders</Filter>
    </None>
    <None Include="..\shaders\textured_triangle.fragment">
      <Filter>shaders</Filter>
    </None>
    <None Include="..\shaders\textured_triangle.vertex">
      <Filter>shaders</Filter>
    </None>
    <None Include="..\shaders\display_blit.fragment">
      <Filter>shaders</Filter>
    </None>
    <None Include="..\shaders\display_blit.vertex">
      <Filter>shaders</Filter>
    </None>
  </ItemGroup>
</Project>