<?xml version="1.0" encoding="utf-8"?>
<Project ToolsVersion="4.0" xmlns="http://schemas.microsoft.com/developer/msbuild/2003">
  <ItemGroup>
    <Filter Include="Source Files">
      <UniqueIdentifier>{4FC737F1-C7A5-4376-A066-2A32D752A2FF}</UniqueIdentifier>
      <Extensions>cpp;c;cc;cxx;c++;cppm;ixx;def;odl;idl;hpj;bat;asm;asmx</Extensions>
    </Filter>
    <Filter Include="Header Files">
      <UniqueIdentifier>{93995380-89BD-4b04-88EB-625FBE52EBFB}</UniqueIdentifier>
      <Extensions>h;hh;hpp;hxx;h++;hm;inl;inc;ipp;xsd</Extensions>
    </Filter>
    <Filter Include="Resource Files">
      <UniqueIdentifier>{67DA6AB6-F800-4c08-8B7A-83BB121AAD01}</UniqueIdentifier>
      <Extensions>rc;ico;cur;bmp;dlg;rc2;rct;bin;rgs;gif;jpg;jpeg;jpe;resx;tiff;tif;png;wav;mfcribbon-ms</Extensions>
    </Filter>
    <Filter Include="Header Files\header">
      <UniqueIdentifier>{479ae006-6d07-4e86-ad1b-d104dae38c91}</UniqueIdentifier>
    </Filter>
    <Filter Include="Source Files\header">
      <UniqueIdentifier>{a85df11f-2d0c-4235-8ba1-7f3fcb6199ce}</UniqueIdentifier>
    </Filter>
  </ItemGroup>
  <ItemGroup>
    <ClInclude Include="..\thirdparty\wave\src\wave\header\data_header.h">
      <Filter>Header Files\header</Filter>
    </ClInclude>
    <ClInclude Include="..\thirdparty\wave\src\wave\header\fmt_header.h">
      <Filter>Header Files\header</Filter>
    </ClInclude>
    <ClInclude Include="..\thirdparty\wave\src\wave\header\riff_header.h">
      <Filter>Header Files\header</Filter>
    </ClInclude>
    <ClInclude Include="..\thirdparty\wave\src\wave\header\wave_header.h">
      <Filter>Header Files\header</Filter>
    </ClInclude>
    <ClInclude Include="..\thirdparty\wave\src\wave\header_list.h">
      <Filter>Header Files</Filter>
    </ClInclude>
    <ClInclude Include="..\thirdparty\wave\src\wave\error.h">
      <Filter>Header Files</Filter>
    </ClInclude>
    <ClInclude Include="..\thirdparty\wave\src\wave\file.h">
      <Filter>Header Files</Filter>
    </ClInclude>
    <ClInclude Include="..\thirdparty\wave\src\wave\header.h">
      <Filter>Header Files</Filter>
    </ClInclude>
  </ItemGroup>
  <ItemGroup>
    <ClCompile Include="..\thirdparty\wave\src\wave\header\wave_header.cc">
      <Filter>Source Files\header</Filter>
    </ClCompile>
    <ClCompile Include="..\thirdparty\wave\src\wave\header\data_header.cc">
      <Filter>Source Files\header</Filter>
    </ClCompile>
    <ClCompile Include="..\thirdparty\wave\src\wave\header\fmt_header.cc">
      <Filter>Source Files\header</Filter>
    </ClCompile>
    <ClCompile Include="..\thirdparty\wave\src\wave\header\riff_header.cc">
      <Filter>Source Files\header</Filter>
    </ClCompile>
    <ClCompile Include="..\thirdparty\wave\src\wave\header_list.cc">
      <Filter>Source Files</Filter>
    </ClCompile>
    <ClCompile Include="..\thirdparty\wave\src\wave\file.cc">
      <Filter>Source Files</Filter>
    </ClCompile>
    <ClCompile Include="..\thirdparty\wave\src\wave\header.cc">
      <Filter>Source Files</Filter>
    </ClCompile>
  </ItemGroup>
</Project>